<?xml version="1.0" encoding="utf-8"?>
<Project ToolsVersion="4.0" xmlns="http://schemas.microsoft.com/developer/msbuild/2003">
  <ItemGroup>
    <Filter Include="Resource Files">
      <UniqueIdentifier>{67DA6AB6-F800-4c08-8B7A-83BB121AAD01}</UniqueIdentifier>
      <Extensions>rc;ico;cur;bmp;dlg;rc2;rct;bin;rgs;gif;jpg;jpeg;jpe;resx;tiff;tif;png;wav;mfcribbon-ms</Extensions>
    </Filter>
    <Filter Include="include">
      <UniqueIdentifier>{93995380-89BD-4b04-88EB-625FBE52EBFB}</UniqueIdentifier>
      <Extensions>h;hh;hpp;hxx;hm;inl;inc;xsd</Extensions>
    </Filter>
    <Filter Include="src">
      <UniqueIdentifier>{58c8d79a-0d81-471c-8bb3-d5a2aef0f989}</UniqueIdentifier>
    </Filter>
  </ItemGroup>
  <ItemGroup>
    <Text Include="ReadMe.txt" />
  </ItemGroup>
  <ItemGroup>
    <ClInclude Include="AtlasString.h">
      <Filter>include</Filter>
    </ClInclude>
    <ClInclude Include="AtlasTime.h">
      <Filter>include</Filter>
    </ClInclude>
    <ClInclude Include="AtlasLog.h">
      <Filter>include</Filter>
    </ClInclude>
    <ClInclude Include="AtlasMessageBox.h">
      <Filter>include</Filter>
    </ClInclude>
  </ItemGroup>
  <ItemGroup>
    <ClCompile Include="AtlasLog.cpp">
      <Filter>src</Filter>
    </ClCompile>
    <ClCompile Include="AtlasMessageBox.cpp">
      <Filter>src</Filter>
    </ClCompile>
  </ItemGroup>
</Project>