
Microsoft Visual Studio Solution File, Format Version 12.00
# Visual Studio 15
VisualStudioVersion = 15.0.27703.2026
MinimumVisualStudioVersion = 10.0.40219.1
Project("{8BC9CEB8-8B4A-11D0-8D11-00A0C91BC942}") = "CheckersGame", "CheckersGame.vcxproj", "{917FB1E5-330D-44E9-B067-04A5260668E1}"
EndProject
Global
	GlobalSection(SolutionConfigurationPlatforms) = preSolution
		Debug|x64 = Debug|x64
		Debug|x86 = Debug|x86
		Release|x64 = Release|x64
		Release|x86 = Release|x86
	EndGlobalSection
	GlobalSection(ProjectConfigurationPlatforms) = postSolution
		{917FB1E5-330D-44E9-B067-04A5260668E1}.Debug|x64.ActiveCfg = Debug|x64
		{917FB1E5-330D-44E9-B067-04A5260668E1}.Debug|x64.Build.0 = Debug|x64
		{917FB1E5-330D-44E9-B067-04A5260668E1}.Debug|x86.ActiveCfg = Debug|Win32
		{917FB1E5-330D-44E9-B067-04A5260668E1}.Debug|x86.Build.0 = Debug|Win32
		{917FB1E5-330D-44E9-B067-04A5260668E1}.Release|x64.ActiveCfg = Release|x64
		{917FB1E5-330D-44E9-B067-04A5260668E1}.Release|x64.Build.0 = Release|x64
		{917FB1E5-330D-44E9-B067-04A5260668E1}.Release|x86.ActiveCfg = Release|Win32
		{917FB1E5-330D-44E9-B067-04A5260668E1}.Release|x86.Build.0 = Release|Win32
	EndGlobalSection
	GlobalSection(SolutionProperties) = preSolution
		HideSolutionNode = FALSE
	EndGlobalSection
	GlobalSection(ExtensibilityGlobals) = postSolution
		SolutionGuid = {1452557A-C772-4124-880B-27D032CA43A0}
	EndGlobalSection
EndGlobal
