<?xml version="1.0" encoding="utf-8"?>
<Project ToolsVersion="4.0" xmlns="http://schemas.microsoft.com/developer/msbuild/2003">
  <ItemGroup>
    <Filter Include="Resource Files">
      <UniqueIdentifier>{67DA6AB6-F800-4c08-8B7A-83BB121AAD01}</UniqueIdentifier>
      <Extensions>rc;ico;cur;bmp;dlg;rc2;rct;bin;rgs;gif;jpg;jpeg;jpe;resx;tiff;tif;png;wav;mfcribbon-ms</Extensions>
    </Filter>
    <Filter Include="Managers">
      <UniqueIdentifier>{32bc4d0d-6a48-4b72-9615-f59cc4258da2}</UniqueIdentifier>
    </Filter>
    <Filter Include="Windowing">
      <UniqueIdentifier>{78e70eba-fc6f-4f91-8e5c-44e7103a0350}</UniqueIdentifier>
    </Filter>
    <Filter Include="Windowing\Win32">
      <UniqueIdentifier>{152e3890-3c9a-4d15-a643-b4285ae5045a}</UniqueIdentifier>
    </Filter>
    <Filter Include="Windowing\Linux">
      <UniqueIdentifier>{bd18621d-55d2-424b-8b5c-5641c6e716a3}</UniqueIdentifier>
    </Filter>
    <Filter Include="Windowing\Common">
      <UniqueIdentifier>{5f4d3e78-bcb9-4e12-bc9b-bd9ba731caeb}</UniqueIdentifier>
    </Filter>
    <Filter Include="Entities">
      <UniqueIdentifier>{74199839-e546-4be7-90be-5b4d01c6606b}</UniqueIdentifier>
    </Filter>
  </ItemGroup>
  <ItemGroup>
    <Text Include="ReadMe.txt" />
  </ItemGroup>
  <ItemGroup>
    <ClInclude Include="AtlasManager.h">
      <Filter>Managers</Filter>
    </ClInclude>
    <ClInclude Include="BaseManager.h">
      <Filter>Managers</Filter>
    </ClInclude>
    <ClInclude Include="Win32Window.h">
      <Filter>Windowing\Win32</Filter>
    </ClInclude>
    <ClInclude Include="Window.h">
      <Filter>Windowing\Common</Filter>
    </ClInclude>
    <ClInclude Include="DirectXRenderer.h">
      <Filter>Windowing\Win32</Filter>
    </ClInclude>
    <ClInclude Include="Entity.h">
      <Filter>Entities</Filter>
    </ClInclude>
    <ClInclude Include="OpenGLRenderer.h">
      <Filter>Windowing\Win32</Filter>
    </ClInclude>
    <ClInclude Include="AtlasRenderer.h">
      <Filter>Windowing\Common</Filter>
    </ClInclude>
    <ClInclude Include="Scene.h">
      <Filter>Entities</Filter>
    </ClInclude>
  </ItemGroup>
  <ItemGroup>
    <ClCompile Include="Win32Window.cpp">
      <Filter>Windowing\Win32</Filter>
    </ClCompile>
    <ClCompile Include="AtlasManager.cpp">
      <Filter>Managers</Filter>
    </ClCompile>
    <ClCompile Include="DirectXRenderer.cpp">
      <Filter>Windowing\Win32</Filter>
    </ClCompile>
    <ClCompile Include="Entity.cpp">
      <Filter>Entities</Filter>
    </ClCompile>
    <ClCompile Include="OpenGLRenderer.cpp">
      <Filter>Windowing\Win32</Filter>
    </ClCompile>
    <ClCompile Include="AtlasRenderer.cpp">
      <Filter>Windowing\Common</Filter>
    </ClCompile>
    <ClCompile Include="Scene.cpp">
      <Filter>Entities</Filter>
    </ClCompile>
  </ItemGroup>
</Project>